
Microsoft Visual Studio Solution File, Format Version 12.00
# Visual Studio Version 17
VisualStudioVersion = 17.9.34723.18
MinimumVisualStudioVersion = 10.0.40219.1
Project("{FAE04EC0-301F-11D3-BF4B-00C04F79EFBC}") = "ReadCert", "ReadCert.csproj", "{8D424520-C1BF-45B1-AA40-36B49AD47B9D}"
EndProject
Global
	GlobalSection(SolutionConfigurationPlatforms) = preSolution
		Debug|Any CPU = Debug|Any CPU
		Release|Any CPU = Release|Any CPU
	EndGlobalSection
	GlobalSection(ProjectConfigurationPlatforms) = postSolution
		{8D424520-C1BF-45B1-AA40-36B49AD47B9D}.Debug|Any CPU.ActiveCfg = Debug|Any CPU
		{8D424520-C1BF-45B1-AA40-36B49AD47B9D}.Debug|Any CPU.Build.0 = Debug|Any CPU
		{8D424520-C1BF-45B1-AA40-36B49AD47B9D}.Release|Any CPU.ActiveCfg = Release|Any CPU
		{8D424520-C1BF-45B1-AA40-36B49AD47B9D}.Release|Any CPU.Build.0 = Release|Any CPU
	EndGlobalSection
	GlobalSection(SolutionProperties) = preSolution
		HideSolutionNode = FALSE
	EndGlobalSection
	GlobalSection(ExtensibilityGlobals) = postSolution
		SolutionGuid = {2A75BAAF-1772-4FC2-A7E6-CE724241FF06}
	EndGlobalSection
EndGlobal
